
Microsoft Visual Studio Solution File, Format Version 12.00
# Visual Studio 14
VisualStudioVersion = 14.0.23107.0
MinimumVisualStudioVersion = 10.0.40219.1
Project("{FAE04EC0-301F-11D3-BF4B-00C04F79EFBC}") = "G2Test", "G2Test\G2Test.csproj", "{58D02EF5-FD53-459D-BC51-9848E282A4D5}"
EndProject
Project("{FAE04EC0-301F-11D3-BF4B-00C04F79EFBC}") = "G2Test.Tests", "G2Test.Tests\G2Test.Tests.csproj", "{EFEB6765-AED0-456F-8362-B7ABDDBF19FE}"
EndProject
Global
	GlobalSection(SolutionConfigurationPlatforms) = preSolution
		Debug|Any CPU = Debug|Any CPU
		Release|Any CPU = Release|Any CPU
	EndGlobalSection
	GlobalSection(ProjectConfigurationPlatforms) = postSolution
		{58D02EF5-FD53-459D-BC51-9848E282A4D5}.Debug|Any CPU.ActiveCfg = Debug|Any CPU
		{58D02EF5-FD53-459D-BC51-9848E282A4D5}.Debug|Any CPU.Build.0 = Debug|Any CPU
		{58D02EF5-FD53-459D-BC51-9848E282A4D5}.Release|Any CPU.ActiveCfg = Release|Any CPU
		{58D02EF5-FD53-459D-BC51-9848E282A4D5}.Release|Any CPU.Build.0 = Release|Any CPU
		{EFEB6765-AED0-456F-8362-B7ABDDBF19FE}.Debug|Any CPU.ActiveCfg = Debug|Any CPU
		{EFEB6765-AED0-456F-8362-B7ABDDBF19FE}.Debug|Any CPU.Build.0 = Debug|Any CPU
		{EFEB6765-AED0-456F-8362-B7ABDDBF19FE}.Release|Any CPU.ActiveCfg = Release|Any CPU
		{EFEB6765-AED0-456F-8362-B7ABDDBF19FE}.Release|Any CPU.Build.0 = Release|Any CPU
	EndGlobalSection
	GlobalSection(SolutionProperties) = preSolution
		HideSolutionNode = FALSE
	EndGlobalSection
EndGlobal
